// !$*UTF8*$!
{
	archiveVersion = 1;
	classes = {
	};
	objectVersion = 55;
	objects = {

/* Begin PBXBuildFile section */
		D6D5341F274A99F2000C0FC4 /* App.swift in Sources */ = {isa = PBXBuildFile; fileRef = D6D5341E274A99F2000C0FC4 /* App.swift */; };
		D6D53423274A99F2000C0FC4 /* Assets.xcassets in Resources */ = {isa = PBXBuildFile; fileRef = D6D53422274A99F2000C0FC4 /* Assets.xcassets */; };
		D6D53426274A99F2000C0FC4 /* Preview Assets.xcassets in Resources */ = {isa = PBXBuildFile; fileRef = D6D53425274A99F2000C0FC4 /* Preview Assets.xcassets */; };
		D6D5344C274C6CBD000C0FC4 /* AXSwift in Frameworks */ = {isa = PBXBuildFile; productRef = D6D5344B274C6CBD000C0FC4 /* AXSwift */; };
		D6D5344E274C7AA6000C0FC4 /* Zone.swift in Sources */ = {isa = PBXBuildFile; fileRef = D6D5344D274C7AA6000C0FC4 /* Zone.swift */; };
		D6D53450274C9316000C0FC4 /* Handler.swift in Sources */ = {isa = PBXBuildFile; fileRef = D6D5344F274C9316000C0FC4 /* Handler.swift */; };
/* End PBXBuildFile section */

/* Begin PBXFileReference section */
		D6D5341B274A99F2000C0FC4 /* fancyzone.app */ = {isa = PBXFileReference; explicitFileType = wrapper.application; includeInIndex = 0; path = fancyzone.app; sourceTree = BUILT_PRODUCTS_DIR; };
		D6D5341E274A99F2000C0FC4 /* App.swift */ = {isa = PBXFileReference; lastKnownFileType = sourcecode.swift; path = App.swift; sourceTree = "<group>"; };
		D6D53422274A99F2000C0FC4 /* Assets.xcassets */ = {isa = PBXFileReference; lastKnownFileType = folder.assetcatalog; path = Assets.xcassets; sourceTree = "<group>"; };
		D6D53425274A99F2000C0FC4 /* Preview Assets.xcassets */ = {isa = PBXFileReference; lastKnownFileType = folder.assetcatalog; path = "Preview Assets.xcassets"; sourceTree = "<group>"; };
		D6D53427274A99F2000C0FC4 /* fancyzone.entitlements */ = {isa = PBXFileReference; lastKnownFileType = text.plist.entitlements; path = fancyzone.entitlements; sourceTree = "<group>"; };
		D6D5344D274C7AA6000C0FC4 /* Zone.swift */ = {isa = PBXFileReference; lastKnownFileType = sourcecode.swift; path = Zone.swift; sourceTree = "<group>"; };
		D6D5344F274C9316000C0FC4 /* Handler.swift */ = {isa = PBXFileReference; lastKnownFileType = sourcecode.swift; path = Handler.swift; sourceTree = "<group>"; };
		D6D53468274D47FA000C0FC4 /* Info.plist */ = {isa = PBXFileReference; lastKnownFileType = text.plist; path = Info.plist; sourceTree = "<group>"; };
/* End PBXFileReference section */

/* Begin PBXFrameworksBuildPhase section */
		D6D53418274A99F2000C0FC4 /* Frameworks */ = {
			isa = PBXFrameworksBuildPhase;
			buildActionMask = 2147483647;
			files = (
				D6D5344C274C6CBD000C0FC4 /* AXSwift in Frameworks */,
			);
			runOnlyForDeploymentPostprocessing = 0;
		};
/* End PBXFrameworksBuildPhase section */

/* Begin PBXGroup section */
		D6D53412274A99F2000C0FC4 = {
			isa = PBXGroup;
			children = (
				D6D5341D274A99F2000C0FC4 /* fancyzone */,
				D6D5341C274A99F2000C0FC4 /* Products */,
			);
			sourceTree = "<group>";
		};
		D6D5341C274A99F2000C0FC4 /* Products */ = {
			isa = PBXGroup;
			children = (
				D6D5341B274A99F2000C0FC4 /* fancyzone.app */,
			);
			name = Products;
			sourceTree = "<group>";
		};
		D6D5341D274A99F2000C0FC4 /* fancyzone */ = {
			isa = PBXGroup;
			children = (
				D6D53468274D47FA000C0FC4 /* Info.plist */,
				D6D5341E274A99F2000C0FC4 /* App.swift */,
				D6D53422274A99F2000C0FC4 /* Assets.xcassets */,
				D6D53427274A99F2000C0FC4 /* fancyzone.entitlements */,
				D6D53424274A99F2000C0FC4 /* Preview Content */,
				D6D5344D274C7AA6000C0FC4 /* Zone.swift */,
				D6D5344F274C9316000C0FC4 /* Handler.swift */,
			);
			path = fancyzone;
			sourceTree = "<group>";
		};
		D6D53424274A99F2000C0FC4 /* Preview Content */ = {
			isa = PBXGroup;
			children = (
				D6D53425274A99F2000C0FC4 /* Preview Assets.xcassets */,
			);
			path = "Preview Content";
			sourceTree = "<group>";
		};
/* End PBXGroup section */

/* Begin PBXNativeTarget section */
		D6D5341A274A99F2000C0FC4 /* fancyzone */ = {
			isa = PBXNativeTarget;
			buildConfigurationList = D6D5342A274A99F2000C0FC4 /* Build configuration list for PBXNativeTarget "fancyzone" */;
			buildPhases = (
				D6D53417274A99F2000C0FC4 /* Sources */,
				D6D53418274A99F2000C0FC4 /* Frameworks */,
				D6D53419274A99F2000C0FC4 /* Resources */,
			);
			buildRules = (
			);
			dependencies = (
			);
			name = fancyzone;
			packageProductDependencies = (
				D6D5344B274C6CBD000C0FC4 /* AXSwift */,
			);
			productName = fancyzone;
			productReference = D6D5341B274A99F2000C0FC4 /* fancyzone.app */;
			productType = "com.apple.product-type.application";
		};
/* End PBXNativeTarget section */

/* Begin PBXProject section */
		D6D53413274A99F2000C0FC4 /* Project object */ = {
			isa = PBXProject;
			attributes = {
				BuildIndependentTargetsInParallel = 1;
				LastSwiftUpdateCheck = 1310;
				LastUpgradeCheck = 1310;
				TargetAttributes = {
					D6D5341A274A99F2000C0FC4 = {
						CreatedOnToolsVersion = 13.1;
					};
				};
			};
			buildConfigurationList = D6D53416274A99F2000C0FC4 /* Build configuration list for PBXProject "fancyzone" */;
			compatibilityVersion = "Xcode 13.0";
			developmentRegion = en;
			hasScannedForEncodings = 0;
			knownRegions = (
				en,
				Base,
			);
			mainGroup = D6D53412274A99F2000C0FC4;
			packageReferences = (
				D6D5344A274C6CBD000C0FC4 /* XCRemoteSwiftPackageReference "AXSwift" */,
			);
			productRefGroup = D6D5341C274A99F2000C0FC4 /* Products */;
			projectDirPath = "";
			projectRoot = "";
			targets = (
				D6D5341A274A99F2000C0FC4 /* fancyzone */,
			);
		};
/* End PBXProject section */

/* Begin PBXResourcesBuildPhase section */
		D6D53419274A99F2000C0FC4 /* Resources */ = {
			isa = PBXResourcesBuildPhase;
			buildActionMask = 2147483647;
			files = (
				D6D53426274A99F2000C0FC4 /* Preview Assets.xcassets in Resources */,
				D6D53423274A99F2000C0FC4 /* Assets.xcassets in Resources */,
			);
			runOnlyForDeploymentPostprocessing = 0;
		};
/* End PBXResourcesBuildPhase section */

/* Begin PBXSourcesBuildPhase section */
		D6D53417274A99F2000C0FC4 /* Sources */ = {
			isa = PBXSourcesBuildPhase;
			buildActionMask = 2147483647;
			files = (
				D6D5341F274A99F2000C0FC4 /* App.swift in Sources */,
				D6D53450274C9316000C0FC4 /* Handler.swift in Sources */,
				D6D5344E274C7AA6000C0FC4 /* Zone.swift in Sources */,
			);
			runOnlyForDeploymentPostprocessing = 0;
		};
/* End PBXSourcesBuildPhase section */

/* Begin XCBuildConfiguration section */
		D6D53428274A99F2000C0FC4 /* Debug */ = {
			isa = XCBuildConfiguration;
			buildSettings = {
				ALWAYS_SEARCH_USER_PATHS = NO;
				CLANG_ANALYZER_NONNULL = YES;
				CLANG_ANALYZER_NUMBER_OBJECT_CONVERSION = YES_AGGRESSIVE;
				CLANG_CXX_LANGUAGE_STANDARD = "gnu++17";
				CLANG_CXX_LIBRARY = "libc++";
				CLANG_ENABLE_MODULES = YES;
				CLANG_ENABLE_OBJC_ARC = YES;
				CLANG_ENABLE_OBJC_WEAK = YES;
				CLANG_WARN_BLOCK_CAPTURE_AUTORELEASING = YES;
				CLANG_WARN_BOOL_CONVERSION = YES;
				CLANG_WARN_COMMA = YES;
				CLANG_WARN_CONSTANT_CONVERSION = YES;
				CLANG_WARN_DEPRECATED_OBJC_IMPLEMENTATIONS = YES;
				CLANG_WARN_DIRECT_OBJC_ISA_USAGE = YES_ERROR;
				CLANG_WARN_DOCUMENTATION_COMMENTS = YES;
				CLANG_WARN_EMPTY_BODY = YES;
				CLANG_WARN_ENUM_CONVERSION = YES;
				CLANG_WARN_INFINITE_RECURSION = YES;
				CLANG_WARN_INT_CONVERSION = YES;
				CLANG_WARN_NON_LITERAL_NULL_CONVERSION = YES;
				CLANG_WARN_OBJC_IMPLICIT_RETAIN_SELF = YES;
				CLANG_WARN_OBJC_LITERAL_CONVERSION = YES;
				CLANG_WARN_OBJC_ROOT_CLASS = YES_ERROR;
				CLANG_WARN_QUOTED_INCLUDE_IN_FRAMEWORK_HEADER = YES;
				CLANG_WARN_RANGE_LOOP_ANALYSIS = YES;
				CLANG_WARN_STRICT_PROTOTYPES = YES;
				CLANG_WARN_SUSPICIOUS_MOVE = YES;
				CLANG_WARN_UNGUARDED_AVAILABILITY = YES_AGGRESSIVE;
				CLANG_WARN_UNREACHABLE_CODE = YES;
				CLANG_WARN__DUPLICATE_METHOD_MATCH = YES;
				COPY_PHASE_STRIP = NO;
				DEBUG_INFORMATION_FORMAT = dwarf;
				ENABLE_STRICT_OBJC_MSGSEND = YES;
				ENABLE_TESTABILITY = YES;
				GCC_C_LANGUAGE_STANDARD = gnu11;
				GCC_DYNAMIC_NO_PIC = NO;
				GCC_NO_COMMON_BLOCKS = YES;
				GCC_OPTIMIZATION_LEVEL = 0;
				GCC_PREPROCESSOR_DEFINITIONS = (
					"DEBUG=1",
					"$(inherited)",
				);
				GCC_WARN_64_TO_32_BIT_CONVERSION = YES;
				GCC_WARN_ABOUT_RETURN_TYPE = YES_ERROR;
				GCC_WARN_UNDECLARED_SELECTOR = YES;
				GCC_WARN_UNINITIALIZED_AUTOS = YES_AGGRESSIVE;
				GCC_WARN_UNUSED_FUNCTION = YES;
				GCC_WARN_UNUSED_VARIABLE = YES;
				MACOSX_DEPLOYMENT_TARGET = 12.0;
				MTL_ENABLE_DEBUG_INFO = INCLUDE_SOURCE;
				MTL_FAST_MATH = YES;
				ONLY_ACTIVE_ARCH = YES;
				SDKROOT = macosx;
				SWIFT_ACTIVE_COMPILATION_CONDITIONS = DEBUG;
				SWIFT_OPTIMIZATION_LEVEL = "-Onone";
			};
			name = Debug;
		};
		D6D53429274A99F2000C0FC4 /* Release */ = {
			isa = XCBuildConfiguration;
			buildSettings = {
				ALWAYS_SEARCH_USER_PATHS = NO;
				CLANG_ANALYZER_NONNULL = YES;
				CLANG_ANALYZER_NUMBER_OBJECT_CONVERSION = YES_AGGRESSIVE;
				CLANG_CXX_LANGUAGE_STANDARD = "gnu++17";
				CLANG_CXX_LIBRARY = "libc++";
				CLANG_ENABLE_MODULES = YES;
				CLANG_ENABLE_OBJC_ARC = YES;
				CLANG_ENABLE_OBJC_WEAK = YES;
				CLANG_WARN_BLOCK_CAPTURE_AUTORELEASING = YES;
				CLANG_WARN_BOOL_CONVERSION = YES;
				CLANG_WARN_COMMA = YES;
				CLANG_WARN_CONSTANT_CONVERSION = YES;
				CLANG_WARN_DEPRECATED_OBJC_IMPLEMENTATIONS = YES;
				CLANG_WARN_DIRECT_OBJC_ISA_USAGE = YES_ERROR;
				CLANG_WARN_DOCUMENTATION_COMMENTS = YES;
				CLANG_WARN_EMPTY_BODY = YES;
				CLANG_WARN_ENUM_CONVERSION = YES;
				CLANG_WARN_INFINITE_RECURSION = YES;
				CLANG_WARN_INT_CONVERSION = YES;
				CLANG_WARN_NON_LITERAL_NULL_CONVERSION = YES;
				CLANG_WARN_OBJC_IMPLICIT_RETAIN_SELF = YES;
				CLANG_WARN_OBJC_LITERAL_CONVERSION = YES;
				CLANG_WARN_OBJC_ROOT_CLASS = YES_ERROR;
				CLANG_WARN_QUOTED_INCLUDE_IN_FRAMEWORK_HEADER = YES;
				CLANG_WARN_RANGE_LOOP_ANALYSIS = YES;
				CLANG_WARN_STRICT_PROTOTYPES = YES;
				CLANG_WARN_SUSPICIOUS_MOVE = YES;
				CLANG_WARN_UNGUARDED_AVAILABILITY = YES_AGGRESSIVE;
				CLANG_WARN_UNREACHABLE_CODE = YES;
				CLANG_WARN__DUPLICATE_METHOD_MATCH = YES;
				COPY_PHASE_STRIP = NO;
				DEBUG_INFORMATION_FORMAT = "dwarf-with-dsym";
				ENABLE_NS_ASSERTIONS = NO;
				ENABLE_STRICT_OBJC_MSGSEND = YES;
				GCC_C_LANGUAGE_STANDARD = gnu11;
				GCC_NO_COMMON_BLOCKS = YES;
				GCC_WARN_64_TO_32_BIT_CONVERSION = YES;
				GCC_WARN_ABOUT_RETURN_TYPE = YES_ERROR;
				GCC_WARN_UNDECLARED_SELECTOR = YES;
				GCC_WARN_UNINITIALIZED_AUTOS = YES_AGGRESSIVE;
				GCC_WARN_UNUSED_FUNCTION = YES;
				GCC_WARN_UNUSED_VARIABLE = YES;
				MACOSX_DEPLOYMENT_TARGET = 12.0;
				MTL_ENABLE_DEBUG_INFO = NO;
				MTL_FAST_MATH = YES;
				SDKROOT = macosx;
				SWIFT_COMPILATION_MODE = wholemodule;
				SWIFT_OPTIMIZATION_LEVEL = "-O";
			};
			name = Release;
		};
		D6D5342B274A99F2000C0FC4 /* Debug */ = {
			isa = XCBuildConfiguration;
			buildSettings = {
				ASSETCATALOG_COMPILER_APPICON_NAME = AppIcon;
				ASSETCATALOG_COMPILER_GLOBAL_ACCENT_COLOR_NAME = AccentColor;
				CODE_SIGN_ENTITLEMENTS = fancyzone/fancyzone.entitlements;
				CODE_SIGN_IDENTITY = "Apple Development";
				CODE_SIGN_STYLE = Automatic;
				COMBINE_HIDPI_IMAGES = YES;
				CURRENT_PROJECT_VERSION = 1;
				DEVELOPMENT_ASSET_PATHS = "\"fancyzone/Preview Content\"";
				DEVELOPMENT_TEAM = 78QVX4PFXV;
				ENABLE_HARDENED_RUNTIME = NO;
				ENABLE_PREVIEWS = NO;
				GENERATE_INFOPLIST_FILE = YES;
				INFOPLIST_FILE = fancyzone/Info.plist;
				INFOPLIST_KEY_LSApplicationCategoryType = "public.app-category.utilities";
				INFOPLIST_KEY_NSHumanReadableCopyright = "";
				LD_RUNPATH_SEARCH_PATHS = (
					"$(inherited)",
					"@executable_path/../Frameworks",
				);
				MARKETING_VERSION = 1.0;
				PRODUCT_BUNDLE_IDENTIFIER = com.trevorstarick.fancyzone;
				PRODUCT_NAME = "$(TARGET_NAME)";
				SWIFT_EMIT_LOC_STRINGS = YES;
				SWIFT_VERSION = 5.0;
			};
			name = Debug;
		};
		D6D5342C274A99F2000C0FC4 /* Release */ = {
			isa = XCBuildConfiguration;
			buildSettings = {
				ASSETCATALOG_COMPILER_APPICON_NAME = AppIcon;
				ASSETCATALOG_COMPILER_GLOBAL_ACCENT_COLOR_NAME = AccentColor;
				CODE_SIGN_ENTITLEMENTS = fancyzone/fancyzone.entitlements;
				CODE_SIGN_IDENTITY = "Apple Development";
				CODE_SIGN_STYLE = Automatic;
				COMBINE_HIDPI_IMAGES = YES;
				CURRENT_PROJECT_VERSION = 1;
				DEVELOPMENT_ASSET_PATHS = "\"fancyzone/Preview Content\"";
				DEVELOPMENT_TEAM = 78QVX4PFXV;
				ENABLE_HARDENED_RUNTIME = NO;
				ENABLE_PREVIEWS = NO;
				GENERATE_INFOPLIST_FILE = YES;
				INFOPLIST_FILE = fancyzone/Info.plist;
				INFOPLIST_KEY_LSApplicationCategoryType = "public.app-category.utilities";
				INFOPLIST_KEY_NSHumanReadableCopyright = "";
				LD_RUNPATH_SEARCH_PATHS = (
					"$(inherited)",
					"@executable_path/../Frameworks",
				);
				MARKETING_VERSION = 1.0;
				PRODUCT_BUNDLE_IDENTIFIER = com.trevorstarick.fancyzone;
				PRODUCT_NAME = "$(TARGET_NAME)";
				SWIFT_EMIT_LOC_STRINGS = YES;
				SWIFT_VERSION = 5.0;
			};
			name = Release;
		};
/* End XCBuildConfiguration section */

/* Begin XCConfigurationList section */
		D6D53416274A99F2000C0FC4 /* Build configuration list for PBXProject "fancyzone" */ = {
			isa = XCConfigurationList;
			buildConfigurations = (
				D6D53428274A99F2000C0FC4 /* Debug */,
				D6D53429274A99F2000C0FC4 /* Release */,
			);
			defaultConfigurationIsVisible = 0;
			defaultConfigurationName = Release;
		};
		D6D5342A274A99F2000C0FC4 /* Build configuration list for PBXNativeTarget "fancyzone" */ = {
			isa = XCConfigurationList;
			buildConfigurations = (
				D6D5342B274A99F2000C0FC4 /* Debug */,
				D6D5342C274A99F2000C0FC4 /* Release */,
			);
			defaultConfigurationIsVisible = 0;
			defaultConfigurationName = Release;
		};
/* End XCConfigurationList section */

/* Begin XCRemoteSwiftPackageReference section */
		D6D5344A274C6CBD000C0FC4 /* XCRemoteSwiftPackageReference "AXSwift" */ = {
			isa = XCRemoteSwiftPackageReference;
			repositoryURL = "https://github.com/tmandry/AXSwift";
			requirement = {
				kind = upToNextMajorVersion;
				minimumVersion = 0.3.2;
			};
		};
/* End XCRemoteSwiftPackageReference section */

/* Begin XCSwiftPackageProductDependency section */
		D6D5344B274C6CBD000C0FC4 /* AXSwift */ = {
			isa = XCSwiftPackageProductDependency;
			package = D6D5344A274C6CBD000C0FC4 /* XCRemoteSwiftPackageReference "AXSwift" */;
			productName = AXSwift;
		};
/* End XCSwiftPackageProductDependency section */
	};
	rootObject = D6D53413274A99F2000C0FC4 /* Project object */;
}
